github.com/BurntSushi/toml v1.6.0 h1:dRaEfpa2VI55EwlIW72hMRHdWouJeRF7TPYhI+AUQjk=
github.com/BurntSushi/toml v1.6.0/go.mod h1:ukJfTF/6rtPPRCnwkur4qwRxa8vTRFBF0uk2lLoLwho=
github.com/davecgh/go-spew v1.1.1 h1:vj9j/u1bqnvCEfJOwUhtlOARqs3+rkHYY13jYWTU97c=
github.com/davecgh/go-spew v1.1.1/go.mod h1:J7Y8YcW2NihsgmVo/mv3lAwl/skON4iLHjSsI+c5H38=
github.com/go-chi/chi/v5 v5.1.0 h1:acVI1TYaD+hhedDJ3r54HyA6sExp3HfXq7QWEEY/xMw=
github.com/go-chi/chi/v5 v5.1.0/go.mod h1:DslCQbL2OYiznFReuXYUmQ2hGd1aDpCnlMNITLSKoi8=
github.com/golang/snappy v0.0.4 h1:yAGX7huGHXlcLOEtBnF4w7FQwA26wojNCwOYAEhLjQM=
github.com/golang/snappy v0.0.4/go.mod h1:/XxbfmMg8lxefKM7IXC3fBNl/7bRcc72aCRzEWrmP2Q=
github.com/google/go-cmp v0.6.0 h1:ofyhxvXcZhMsU5ulbFiLKl/XBFqE1GSq7atu8tAmTRI=
github.com/google/go-cmp v0.6.0/go.mod h1:17dUlkBOakJ0+DkrSSNjCkIjxS6bF9zb3elmeNGIjoY=
github.com/ihatecompvir/nex-go v0.0.0-20250131035452-0e0eff533457 h1:1itktU6uyfJ0MHzCT+zGDHr9uVv8Gu+Zpz6d5fQLVDc=
github.com/ihatecompvir/nex-go v0.0.0-20250131035452-0e0eff533457/go.mod h1:93meCkk5UPXTRcA/gl65MAdInHbFgyI0X8/UEXQh+NI=
github.com/ihatecompvir/nex-go v0.0.0-20260203031244-a5d4d8031e04 h1:C8JToAoX6KqvVdhjBpyH5GR7yySrl1IBaZwo9RY7N28=
github.com/ihatecompvir/nex-go v0.0.0-20260203031244-a5d4d8031e04/go.mod h1:93meCkk5UPXTRcA/gl65MAdInHbFgyI0X8/UEXQh+NI=
github.com/ihatecompvir/nex-go v0.0.0-20260204014815-ca4abe5d490b h1:2qDaVla/B2l2fByeEwy+Sw70eHMQrBJbOjLpH+xfPx8=
github.com/ihatecompvir/nex-go v0.0.0-20260204014815-ca4abe5d490b/go.mod h1:93meCkk5UPXTRcA/gl65MAdInHbFgyI0X8/UEXQh+NI=
github.com/ihatecompvir/nex-go v0.0.0-20260205042503-abb963488ccd h1:kKxlWx4Rn3WgDSnp2yCpuVIOq8QYg9BOWXcYIMlVBG8=
github.com/ihatecompvir/nex-go v0.0.0-20260205042503-abb963488ccd/go.mod h1:93meCkk5UPXTRcA/gl65MAdInHbFgyI0X8/UEXQh+NI=
github.com/ihatecompvir/nex-go v0.0.0-20260206021851-9bf528f3861c h1:DVU6O0Egwiup2wlYRxFr4wADTvErgG+3368G29+zlyw=
github.com/ihatecompvir/nex-go v0.0.0-20260206021851-9bf528f3861c/go.mod h1:93meCkk5UPXTRcA/gl65MAdInHbFgyI0X8/UEXQh+NI=
github.com/ihatecompvir/nex-go v0.0.0-20260206060111-c566d1cde3d7 h1:io79OeHq5piPf4nWVk6pIG4p54b9EkWxoY7TMOB5XEw=
github.com/ihatecompvir/nex-go v0.0.0-20260206060111-c566d1cde3d7/go.mod h1:93meCkk5UPXTRcA/gl65MAdInHbFgyI0X8/UEXQh+NI=
github.com/ihatecompvir/nex-go v0.0.0-20260206062038-72c2930504dd h1:k0RniuAp8m0vIuDJkWB132aFxUXaG0kjAUEoqiZaMDI=
github.com/ihatecompvir/nex-go v0.0.0-20260206062038-72c2930504dd/go.mod h1:93meCkk5UPXTRcA/gl65MAdInHbFgyI0X8/UEXQh+NI=
github.com/ihatecompvir/nex-go v0.0.0-20260206071425-040cd2ed8097 h1:90KM5/V76JVldMNsjyl2L4wbfwi5RizCJyOLbGMtLC4=
github.com/ihatecompvir/nex-go v0.0.0-20260206071425-040cd2ed8097/go.mod h1:93meCkk5UPXTRcA/gl65MAdInHbFgyI0X8/UEXQh+NI=
github.com/ihatecompvir/nex-protocols-go v0.0.0-20260203022916-a029c7861de3 h1:ByzwtC+xFDOnH+xovMy5q53OeZbUqtBKegfkH6RZ2lE=
github.com/ihatecompvir/nex-protocols-go v0.0.0-20260203022916-a029c7861de3/go.mod h1:CWANWIo6DkyT+pb/AGD/vNzjMMYTTlv4QYF2Mxd5LsI=
github.com/ihatecompvir/nex-protocols-go v0.0.0-20260203031258-2221c341c0a9 h1:gksU/eoATk9vzMFuPw4hvEWEJOjpoFHuC4V4AeSkXoI=
github.com/ihatecompvir/nex-protocols-go v0.0.0-20260203031258-2221c341c0a9/go.mod h1:CWANWIo6DkyT+pb/AGD/vNzjMMYTTlv4QYF2Mxd5LsI=
github.com/joho/godotenv v1.5.1 h1:7eLL/+HRGLY0ldzfGMeQkb7vMd0as4CfYvUVzLqw0N0=
github.com/joho/godotenv v1.5.1/go.mod h1:f4LDr5Voq0i2e/R5DDNOoa2zzDfwtkZa6DnEwAbqwq4=
github.com/klauspost/compress v1.17.9 h1:6KIumPrER1LHsvBVuDa0r5xaG0Es51mhhB9BQB2qeMA=
github.com/klauspost/compress v1.17.9/go.mod h1:Di0epgTjJY877eYKx5yC51cX2A2Vl2ibi7bDH9ttBbw=
github.com/montanaflynn/stats v0.7.1 h1:etflOAAHORrCC44V+aR6Ftzort912ZU+YLiSTuV8eaE=
github.com/montanaflynn/stats v0.7.1/go.mod h1:etXPPgVO6n31NxCd9KQUMvCM+ve0ruNzt6R8Bnaayow=
github.com/natefinch/lumberjack v2.0.0+incompatible h1:4QJd3OLAMgj7ph+yZTuX13Ld4UpgHp07nNdFX7mqFfM=
github.com/natefinch/lumberjack v2.0.0+incompatible/go.mod h1:Wi9p2TTF5DG5oU+6YfsmYQpsTIOm0B1VNzQg9Mw6nPk=
github.com/superwhiskers/crunch/v3 v3.5.7 h1:N9RLxaR65C36i26BUIpzPXGy2f6pQ7wisu2bawbKNqg=
github.com/superwhiskers/crunch/v3 v3.5.7/go.mod h1:4ub2EKgF1MAhTjoOCTU4b9uLMsAweHEa89aRrfAypXA=
github.com/xdg-go/pbkdf2 v1.0.0 h1:Su7DPu48wXMwC3bs7MCNG+z4FhcyEuz5dlvchbq0B0c=
github.com/xdg-go/pbkdf2 v1.0.0/go.mod h1:jrpuAogTd400dnrH08LKmI/xc1MbPOebTwRqcT5RDeI=
github.com/xdg-go/scram v1.1.2 h1:FHX5I5B4i4hKRVRBCFRxq1iQRej7WO3hhBuJf+UUySY=
github.com/xdg-go/scram v1.1.2/go.mod h1:RT/sEzTbU5y00aCK8UOx6R7YryM0iF1N2MOmC3kKLN4=
github.com/xdg-go/stringprep v1.0.4 h1:XLI/Ng3O1Atzq0oBs3TWm+5ZVgkq2aqdlvP9JtoZ6c8=
github.com/xdg-go/stringprep v1.0.4/go.mod h1:mPGuuIYwz7CmR2bT9j4GbQqutWS1zV24gijq1dTyGkM=
github.com/youmark/pkcs8 v0.0.0-20240424034433-3c2c7870ae76 h1:tBiBTKHnIjovYoLX/TPkcf+OjqqKGQrPtGT3Foz+Pgo=
github.com/youmark/pkcs8 v0.0.0-20240424034433-3c2c7870ae76/go.mod h1:SQliXeA7Dhkt//vS29v3zpbEwoa+zb2Cn5xj5uO4K5U=
github.com/yuin/goldmark v1.4.13/go.mod h1:6yULJ656Px+3vBD8DxQVa3kxgyrAnzto9xy5taEt/CY=
go.mongodb.org/mongo-driver v1.16.0 h1:tpRsfBJMROVHKpdGyc1BBEzzjDUWjItxbVSZ8Ls4BQ4=
go.mongodb.org/mongo-driver v1.16.0/go.mod h1:oB6AhJQvFQL4LEHyXi6aJzQJtBiTQHiAd83l0GdFaiw=
golang.org/x/crypto v0.0.0-20190308221718-c2843e01d9a2/go.mod h1:djNgcEr1/C05ACkg1iLfiJU5Ep61QUkGW8qpdssI0+w=
golang.org/x/crypto v0.0.0-20210921155107-089bfa567519/go.mod h1:GvvjBRRGRdwPK5ydBHafDWAxML/pGHZbMvKqRZ5+Abc=
golang.org/x/crypto v0.25.0 h1:ypSNr+bnYL2YhwoMt2zPxHFmbAN1KZs/njMG3hxUp30=
golang.org/x/crypto v0.25.0/go.mod h1:T+wALwcMOSE0kXgUAnPAHqTLW+XHgcELELW8VaDgm/M=
golang.org/x/mod v0.6.0-dev.0.20220419223038-86c51ed26bb4/go.mod h1:jJ57K6gSWd91VN4djpZkiMVwK6gcyfeH4XE8wZrZaV4=
golang.org/x/net v0.0.0-20190620200207-3b0461eec859/go.mod h1:z5CRVTTTmAJ677TzLLGU+0bjPO0LkuOLi4/5GtJWs/s=
golang.org/x/net v0.0.0-20210226172049-e18ecbb05110/go.mod h1:m0MpNAwzfU5UDzcl9v0D8zg8gWTRqZa9RBIspLL5mdg=
golang.org/x/net v0.0.0-20220722155237-a158d28d115b/go.mod h1:XRhObCWvk6IyKnWLug+ECip1KBveYUHfp+8e9klMJ9c=
golang.org/x/sync v0.0.0-20190423024810-112230192c58/go.mod h1:RxMgew5VJxzue5/jJTE5uejpjVlOe/izrB70Jof72aM=
golang.org/x/sync v0.0.0-20220722155255-886fb9371eb4/go.mod h1:RxMgew5VJxzue5/jJTE5uejpjVlOe/izrB70Jof72aM=
golang.org/x/sync v0.7.0 h1:YsImfSBoP9QPYL0xyKJPq0gcaJdG3rInoqxTWbfQu9M=
golang.org/x/sync v0.7.0/go.mod h1:Czt+wKu1gCyEFDUtn0jG5QVvpJ6rzVqr5aXyt9drQfk=
golang.org/x/sys v0.0.0-20190215142949-d0b11bdaac8a/go.mod h1:STP8DvDyc/dI5b8T5hshtkjS+E42TnysNCUPdjciGhY=
golang.org/x/sys v0.0.0-20201119102817-f84b799fce68/go.mod h1:h1NjWce9XRLGQEsW7wpKNCjG9DtNlClVuFLEZdDNbEs=
golang.org/x/sys v0.0.0-20210615035016-665e8c7367d1/go.mod h1:oPkhp1MJrh7nUepCBck5+mAzfO9JrbApNNgaTdGDITg=
golang.org/x/sys v0.0.0-20220520151302-bc2c85ada10a/go.mod h1:oPkhp1MJrh7nUepCBck5+mAzfO9JrbApNNgaTdGDITg=
golang.org/x/sys v0.0.0-20220722155257-8c9f86f7a55f/go.mod h1:oPkhp1MJrh7nUepCBck5+mAzfO9JrbApNNgaTdGDITg=
golang.org/x/term v0.0.0-20201126162022-7de9c90e9dd1/go.mod h1:bj7SfCRtBDWHUb9snDiAeCFNEtKQo2Wmx5Cou7ajbmo=
golang.org/x/term v0.0.0-20210927222741-03fcf44c2211/go.mod h1:jbD1KX2456YbFQfuXm/mYQcufACuNUgVhRMnK/tPxf8=
golang.org/x/text v0.3.0/go.mod h1:NqM8EUOU14njkJ3fqMW+pc6Ldnwhi/IjpwHt7yyuwOQ=
golang.org/x/text v0.3.3/go.mod h1:5Zoc/QRtKVWzQhOtBMvqHzDpF6irO9z98xDceosuGiQ=
golang.org/x/text v0.3.7/go.mod h1:u+2+/6zg+i71rQMx5EYifcz6MCKuco9NR6JIITiCfzQ=
golang.org/x/text v0.3.8/go.mod h1:E6s5w1FMmriuDzIBO73fBruAKo1PCIq6d2Q6DHfQ8WQ=
golang.org/x/text v0.16.0 h1:a94ExnEXNtEwYLGJSIUxnWoxoRz/ZcCsV63ROupILh4=
golang.org/x/text v0.16.0/go.mod h1:GhwF1Be+LQoKShO3cGOHzqOgRrGaYc9AvblQOmPVHnI=
golang.org/x/tools v0.0.0-20180917221912-90fa682c2a6e/go.mod h1:n7NCudcB/nEzxVGmLbDWY5pfWTLqBcC2KZ6jyYvM4mQ=
golang.org/x/tools v0.0.0-20191119224855-298f0cb1881e/go.mod h1:b+2E5dAYhXwXZwtnZ6UAqBI28+e2cm9otk0dWdXHAEo=
golang.org/x/tools v0.1.12/go.mod h1:hNGJHUnrk76NpqgfD5Aqm5Crs+Hm0VOH/i9J2+nxYbc=
golang.org/x/xerrors v0.0.0-20190717185122-a985d3407aa7/go.mod h1:I/5z698sn9Ka8TeJc9MKroUUfqBBauWjQqLJ2OPfmY0=
gopkg.in/check.v1 v0.0.0-20161208181325-20d25e280405/go.mod h1:Co6ibVJAznAaIkqp8huTwlJQCZ016jof/cbN4VW5Yz0=
gopkg.in/natefinch/lumberjack.v2 v2.2.1 h1:bBRl1b0OH9s/DuPhuXpNl+VtCaJXFZ5/uEFST95x9zc=
gopkg.in/natefinch/lumberjack.v2 v2.2.1/go.mod h1:YD8tP3GAjkrDg1eZH7EGmyESg/lsYskCTPBJVb9jqSc=
gopkg.in/yaml.v2 v2.4.0 h1:D8xgwECY7CYvx+Y2n4sBz93Jn9JRvxdiyyo8CTfuKaY=
gopkg.in/yaml.v2 v2.4.0/go.mod h1:RDklbk79AGWmwhnvt/jBztapEOGDOx6ZbXqjP6csGnQ=
