github.com/google/go-cmp v0.2.0 h1:+dTQ8DZQJz0Mb/HjFlkptS1FeQ4cWSnN941F8aEG4SQ=
github.com/google/go-cmp v0.2.0/go.mod h1:oXzfMopK8JAjlY9xF4vHSVASa0yLyX7SntLO5aqRK0M=
github.com/ihatecompvir/nex-go v0.0.0-20210402155022-3cb5ab5c9a75 h1:/+zQDcuZwtmKqMa+cWjE5oAqBDtM2Fq49+4a+qdjldc=
github.com/ihatecompvir/nex-go v0.0.0-20210402155022-3cb5ab5c9a75/go.mod h1:93meCkk5UPXTRcA/gl65MAdInHbFgyI0X8/UEXQh+NI=
github.com/ihatecompvir/nex-protocols-go v0.0.0-20210402155046-a49aaf8a1f0a h1:40YvwUHv6dd5oAspkNUlBSAHmiFE3HK5QeJsfSEwfjo=
github.com/ihatecompvir/nex-protocols-go v0.0.0-20210402155046-a49aaf8a1f0a/go.mod h1:CWANWIo6DkyT+pb/AGD/vNzjMMYTTlv4QYF2Mxd5LsI=
github.com/ihatecompvir/nex-protocols-go v0.0.0-20210414200428-8a34fb43e06d h1:WTIEa0pieXdlXXEGZhWYsIy72mK7zHAm+4oaSxd8hYI=
github.com/ihatecompvir/nex-protocols-go v0.0.0-20210414200428-8a34fb43e06d/go.mod h1:CWANWIo6DkyT+pb/AGD/vNzjMMYTTlv4QYF2Mxd5LsI=
github.com/superwhiskers/crunch/v3 v3.5.4 h1:ZUdyg8hrAquvTyfY+MNG4Ba9CvEHLlV8BLSIU7mZ4w4=
github.com/superwhiskers/crunch/v3 v3.5.4/go.mod h1:9UsZKJdxq/SWH7CdCaWWcUeMMzxpHaV07A2hx0j6thU=
